{
    "phpunit/phpunit": {
        "version": "10.0",
        "recipe": {
            "repo": "github.com/symfony/recipes",
            "branch": "main",
            "version": "9.3",
            "ref": "a6249a6c4392e9169b87abf93225f7f9f59025e6"
        },
        "files": [
            "./.env.test",
            "./phpunit.xml.dist",
            "./tests/bootstrap.php"
        ]
    },
    "symfony/flex": {
        "version": "2.2",
        "recipe": {
            "repo": "github.com/symfony/recipes",
            "branch": "main",
            "version": "1.0",
            "ref": "146251ae39e06a95be0fe3d13c807bcf3938b172"
        },
        "files": [
            "./.env"
        ]
    }
}
